// !$*UTF8*$!
{
	archiveVersion = 1;
	classes = {
	};
	objectVersion = 56;
	objects = {

/* Begin PBXBuildFile section */
		A6BD37D42B8DD03A00C05221 /* AppUpdatesApp.swift in Sources */ = {isa = PBXBuildFile; fileRef = A6BD37D32B8DD03A00C05221 /* AppUpdatesApp.swift */; };
		A6BD37D62B8DD03A00C05221 /* ContentView.swift in Sources */ = {isa = PBXBuildFile; fileRef = A6BD37D52B8DD03A00C05221 /* ContentView.swift */; };
		A6BD37D82B8DD03B00C05221 /* Assets.xcassets in Resources */ = {isa = PBXBuildFile; fileRef = A6BD37D72B8DD03B00C05221 /* Assets.xcassets */; };
		A6BD37DB2B8DD03B00C05221 /* Preview Assets.xcassets in Resources */ = {isa = PBXBuildFile; fileRef = A6BD37DA2B8DD03B00C05221 /* Preview Assets.xcassets */; };
		A6BD37DD2B8DD03B00C05221 /* Persistence.swift in Sources */ = {isa = PBXBuildFile; fileRef = A6BD37DC2B8DD03B00C05221 /* Persistence.swift */; };
		A6BD37E02B8DD03B00C05221 /* AppUpdates.xcdatamodeld in Sources */ = {isa = PBXBuildFile; fileRef = A6BD37DE2B8DD03B00C05221 /* AppUpdates.xcdatamodeld */; };
		A6BD37E72B8DD19800C05221 /* SavedColor+Manager.swift in Sources */ = {isa = PBXBuildFile; fileRef = A6BD37E62B8DD19800C05221 /* SavedColor+Manager.swift */; };
		A6BD37E92B8DD45F00C05221 /* Color+Extensions.swift in Sources */ = {isa = PBXBuildFile; fileRef = A6BD37E82B8DD45F00C05221 /* Color+Extensions.swift */; };
		A6BD37EB2B8DD6C000C05221 /* Updates.swift in Sources */ = {isa = PBXBuildFile; fileRef = A6BD37EA2B8DD6C000C05221 /* Updates.swift */; };
		A6BD37ED2B8DD6FF00C05221 /* Colors+Strings.swift in Sources */ = {isa = PBXBuildFile; fileRef = A6BD37EC2B8DD6FF00C05221 /* Colors+Strings.swift */; };
		A6BD37EF2B8DE2AA00C05221 /* AppVersionManager.swift in Sources */ = {isa = PBXBuildFile; fileRef = A6BD37EE2B8DE2AA00C05221 /* AppVersionManager.swift */; };
/* End PBXBuildFile section */

/* Begin PBXFileReference section */
		A6BD37D02B8DD03A00C05221 /* AppUpdates.app */ = {isa = PBXFileReference; explicitFileType = wrapper.application; includeInIndex = 0; path = AppUpdates.app; sourceTree = BUILT_PRODUCTS_DIR; };
		A6BD37D32B8DD03A00C05221 /* AppUpdatesApp.swift */ = {isa = PBXFileReference; lastKnownFileType = sourcecode.swift; path = AppUpdatesApp.swift; sourceTree = "<group>"; };
		A6BD37D52B8DD03A00C05221 /* ContentView.swift */ = {isa = PBXFileReference; lastKnownFileType = sourcecode.swift; path = ContentView.swift; sourceTree = "<group>"; };
		A6BD37D72B8DD03B00C05221 /* Assets.xcassets */ = {isa = PBXFileReference; lastKnownFileType = folder.assetcatalog; path = Assets.xcassets; sourceTree = "<group>"; };
		A6BD37DA2B8DD03B00C05221 /* Preview Assets.xcassets */ = {isa = PBXFileReference; lastKnownFileType = folder.assetcatalog; path = "Preview Assets.xcassets"; sourceTree = "<group>"; };
		A6BD37DC2B8DD03B00C05221 /* Persistence.swift */ = {isa = PBXFileReference; lastKnownFileType = sourcecode.swift; path = Persistence.swift; sourceTree = "<group>"; };
		A6BD37DF2B8DD03B00C05221 /* AppUpdates.xcdatamodel */ = {isa = PBXFileReference; lastKnownFileType = wrapper.xcdatamodel; path = AppUpdates.xcdatamodel; sourceTree = "<group>"; };
		A6BD37E62B8DD19800C05221 /* SavedColor+Manager.swift */ = {isa = PBXFileReference; lastKnownFileType = sourcecode.swift; path = "SavedColor+Manager.swift"; sourceTree = "<group>"; };
		A6BD37E82B8DD45F00C05221 /* Color+Extensions.swift */ = {isa = PBXFileReference; lastKnownFileType = sourcecode.swift; path = "Color+Extensions.swift"; sourceTree = "<group>"; };
		A6BD37EA2B8DD6C000C05221 /* Updates.swift */ = {isa = PBXFileReference; lastKnownFileType = sourcecode.swift; path = Updates.swift; sourceTree = "<group>"; };
		A6BD37EC2B8DD6FF00C05221 /* Colors+Strings.swift */ = {isa = PBXFileReference; lastKnownFileType = sourcecode.swift; path = "Colors+Strings.swift"; sourceTree = "<group>"; };
		A6BD37EE2B8DE2AA00C05221 /* AppVersionManager.swift */ = {isa = PBXFileReference; lastKnownFileType = sourcecode.swift; path = AppVersionManager.swift; sourceTree = "<group>"; };
/* End PBXFileReference section */

/* Begin PBXFrameworksBuildPhase section */
		A6BD37CD2B8DD03A00C05221 /* Frameworks */ = {
			isa = PBXFrameworksBuildPhase;
			buildActionMask = 2147483647;
			files = (
			);
			runOnlyForDeploymentPostprocessing = 0;
		};
/* End PBXFrameworksBuildPhase section */

/* Begin PBXGroup section */
		A6BD37C72B8DD03A00C05221 = {
			isa = PBXGroup;
			children = (
				A6BD37D22B8DD03A00C05221 /* AppUpdates */,
				A6BD37D12B8DD03A00C05221 /* Products */,
			);
			sourceTree = "<group>";
		};
		A6BD37D12B8DD03A00C05221 /* Products */ = {
			isa = PBXGroup;
			children = (
				A6BD37D02B8DD03A00C05221 /* AppUpdates.app */,
			);
			name = Products;
			sourceTree = "<group>";
		};
		A6BD37D22B8DD03A00C05221 /* AppUpdates */ = {
			isa = PBXGroup;
			children = (
				A6BD37D32B8DD03A00C05221 /* AppUpdatesApp.swift */,
				A6BD37D52B8DD03A00C05221 /* ContentView.swift */,
				A6BD37D72B8DD03B00C05221 /* Assets.xcassets */,
				A6BD37DC2B8DD03B00C05221 /* Persistence.swift */,
				A6BD37DE2B8DD03B00C05221 /* AppUpdates.xcdatamodeld */,
				A6BD37E62B8DD19800C05221 /* SavedColor+Manager.swift */,
				A6BD37EA2B8DD6C000C05221 /* Updates.swift */,
				A6BD37EE2B8DE2AA00C05221 /* AppVersionManager.swift */,
				A6BD37EC2B8DD6FF00C05221 /* Colors+Strings.swift */,
				A6BD37E82B8DD45F00C05221 /* Color+Extensions.swift */,
				A6BD37D92B8DD03B00C05221 /* Preview Content */,
			);
			path = AppUpdates;
			sourceTree = "<group>";
		};
		A6BD37D92B8DD03B00C05221 /* Preview Content */ = {
			isa = PBXGroup;
			children = (
				A6BD37DA2B8DD03B00C05221 /* Preview Assets.xcassets */,
			);
			path = "Preview Content";
			sourceTree = "<group>";
		};
/* End PBXGroup section */

/* Begin PBXNativeTarget section */
		A6BD37CF2B8DD03A00C05221 /* AppUpdates */ = {
			isa = PBXNativeTarget;
			buildConfigurationList = A6BD37E32B8DD03B00C05221 /* Build configuration list for PBXNativeTarget "AppUpdates" */;
			buildPhases = (
				A6BD37CC2B8DD03A00C05221 /* Sources */,
				A6BD37CD2B8DD03A00C05221 /* Frameworks */,
				A6BD37CE2B8DD03A00C05221 /* Resources */,
			);
			buildRules = (
			);
			dependencies = (
			);
			name = AppUpdates;
			productName = AppUpdates;
			productReference = A6BD37D02B8DD03A00C05221 /* AppUpdates.app */;
			productType = "com.apple.product-type.application";
		};
/* End PBXNativeTarget section */

/* Begin PBXProject section */
		A6BD37C82B8DD03A00C05221 /* Project object */ = {
			isa = PBXProject;
			attributes = {
				BuildIndependentTargetsInParallel = 1;
				LastSwiftUpdateCheck = 1520;
				LastUpgradeCheck = 1520;
				TargetAttributes = {
					A6BD37CF2B8DD03A00C05221 = {
						CreatedOnToolsVersion = 15.2;
					};
				};
			};
			buildConfigurationList = A6BD37CB2B8DD03A00C05221 /* Build configuration list for PBXProject "AppUpdates" */;
			compatibilityVersion = "Xcode 14.0";
			developmentRegion = en;
			hasScannedForEncodings = 0;
			knownRegions = (
				en,
				Base,
			);
			mainGroup = A6BD37C72B8DD03A00C05221;
			productRefGroup = A6BD37D12B8DD03A00C05221 /* Products */;
			projectDirPath = "";
			projectRoot = "";
			targets = (
				A6BD37CF2B8DD03A00C05221 /* AppUpdates */,
			);
		};
/* End PBXProject section */

/* Begin PBXResourcesBuildPhase section */
		A6BD37CE2B8DD03A00C05221 /* Resources */ = {
			isa = PBXResourcesBuildPhase;
			buildActionMask = 2147483647;
			files = (
				A6BD37DB2B8DD03B00C05221 /* Preview Assets.xcassets in Resources */,
				A6BD37D82B8DD03B00C05221 /* Assets.xcassets in Resources */,
			);
			runOnlyForDeploymentPostprocessing = 0;
		};
/* End PBXResourcesBuildPhase section */

/* Begin PBXSourcesBuildPhase section */
		A6BD37CC2B8DD03A00C05221 /* Sources */ = {
			isa = PBXSourcesBuildPhase;
			buildActionMask = 2147483647;
			files = (
				A6BD37EB2B8DD6C000C05221 /* Updates.swift in Sources */,
				A6BD37DD2B8DD03B00C05221 /* Persistence.swift in Sources */,
				A6BD37E72B8DD19800C05221 /* SavedColor+Manager.swift in Sources */,
				A6BD37D62B8DD03A00C05221 /* ContentView.swift in Sources */,
				A6BD37E02B8DD03B00C05221 /* AppUpdates.xcdatamodeld in Sources */,
				A6BD37EF2B8DE2AA00C05221 /* AppVersionManager.swift in Sources */,
				A6BD37D42B8DD03A00C05221 /* AppUpdatesApp.swift in Sources */,
				A6BD37ED2B8DD6FF00C05221 /* Colors+Strings.swift in Sources */,
				A6BD37E92B8DD45F00C05221 /* Color+Extensions.swift in Sources */,
			);
			runOnlyForDeploymentPostprocessing = 0;
		};
/* End PBXSourcesBuildPhase section */

/* Begin XCBuildConfiguration section */
		A6BD37E12B8DD03B00C05221 /* Debug */ = {
			isa = XCBuildConfiguration;
			buildSettings = {
				ALWAYS_SEARCH_USER_PATHS = NO;
				ASSETCATALOG_COMPILER_GENERATE_SWIFT_ASSET_SYMBOL_EXTENSIONS = YES;
				CLANG_ANALYZER_NONNULL = YES;
				CLANG_ANALYZER_NUMBER_OBJECT_CONVERSION = YES_AGGRESSIVE;
				CLANG_CXX_LANGUAGE_STANDARD = "gnu++20";
				CLANG_ENABLE_MODULES = YES;
				CLANG_ENABLE_OBJC_ARC = YES;
				CLANG_ENABLE_OBJC_WEAK = YES;
				CLANG_WARN_BLOCK_CAPTURE_AUTORELEASING = YES;
				CLANG_WARN_BOOL_CONVERSION = YES;
				CLANG_WARN_COMMA = YES;
				CLANG_WARN_CONSTANT_CONVERSION = YES;
				CLANG_WARN_DEPRECATED_OBJC_IMPLEMENTATIONS = YES;
				CLANG_WARN_DIRECT_OBJC_ISA_USAGE = YES_ERROR;
				CLANG_WARN_DOCUMENTATION_COMMENTS = YES;
				CLANG_WARN_EMPTY_BODY = YES;
				CLANG_WARN_ENUM_CONVERSION = YES;
				CLANG_WARN_INFINITE_RECURSION = YES;
				CLANG_WARN_INT_CONVERSION = YES;
				CLANG_WARN_NON_LITERAL_NULL_CONVERSION = YES;
				CLANG_WARN_OBJC_IMPLICIT_RETAIN_SELF = YES;
				CLANG_WARN_OBJC_LITERAL_CONVERSION = YES;
				CLANG_WARN_OBJC_ROOT_CLASS = YES_ERROR;
				CLANG_WARN_QUOTED_INCLUDE_IN_FRAMEWORK_HEADER = YES;
				CLANG_WARN_RANGE_LOOP_ANALYSIS = YES;
				CLANG_WARN_STRICT_PROTOTYPES = YES;
				CLANG_WARN_SUSPICIOUS_MOVE = YES;
				CLANG_WARN_UNGUARDED_AVAILABILITY = YES_AGGRESSIVE;
				CLANG_WARN_UNREACHABLE_CODE = YES;
				CLANG_WARN__DUPLICATE_METHOD_MATCH = YES;
				COPY_PHASE_STRIP = NO;
				DEBUG_INFORMATION_FORMAT = dwarf;
				ENABLE_STRICT_OBJC_MSGSEND = YES;
				ENABLE_TESTABILITY = YES;
				ENABLE_USER_SCRIPT_SANDBOXING = YES;
				GCC_C_LANGUAGE_STANDARD = gnu17;
				GCC_DYNAMIC_NO_PIC = NO;
				GCC_NO_COMMON_BLOCKS = YES;
				GCC_OPTIMIZATION_LEVEL = 0;
				GCC_PREPROCESSOR_DEFINITIONS = (
					"DEBUG=1",
					"$(inherited)",
				);
				GCC_WARN_64_TO_32_BIT_CONVERSION = YES;
				GCC_WARN_ABOUT_RETURN_TYPE = YES_ERROR;
				GCC_WARN_UNDECLARED_SELECTOR = YES;
				GCC_WARN_UNINITIALIZED_AUTOS = YES_AGGRESSIVE;
				GCC_WARN_UNUSED_FUNCTION = YES;
				GCC_WARN_UNUSED_VARIABLE = YES;
				IPHONEOS_DEPLOYMENT_TARGET = 17.2;
				LOCALIZATION_PREFERS_STRING_CATALOGS = YES;
				MTL_ENABLE_DEBUG_INFO = INCLUDE_SOURCE;
				MTL_FAST_MATH = YES;
				ONLY_ACTIVE_ARCH = YES;
				SDKROOT = iphoneos;
				SWIFT_ACTIVE_COMPILATION_CONDITIONS = "DEBUG $(inherited)";
				SWIFT_OPTIMIZATION_LEVEL = "-Onone";
			};
			name = Debug;
		};
		A6BD37E22B8DD03B00C05221 /* Release */ = {
			isa = XCBuildConfiguration;
			buildSettings = {
				ALWAYS_SEARCH_USER_PATHS = NO;
				ASSETCATALOG_COMPILER_GENERATE_SWIFT_ASSET_SYMBOL_EXTENSIONS = YES;
				CLANG_ANALYZER_NONNULL = YES;
				CLANG_ANALYZER_NUMBER_OBJECT_CONVERSION = YES_AGGRESSIVE;
				CLANG_CXX_LANGUAGE_STANDARD = "gnu++20";
				CLANG_ENABLE_MODULES = YES;
				CLANG_ENABLE_OBJC_ARC = YES;
				CLANG_ENABLE_OBJC_WEAK = YES;
				CLANG_WARN_BLOCK_CAPTURE_AUTORELEASING = YES;
				CLANG_WARN_BOOL_CONVERSION = YES;
				CLANG_WARN_COMMA = YES;
				CLANG_WARN_CONSTANT_CONVERSION = YES;
				CLANG_WARN_DEPRECATED_OBJC_IMPLEMENTATIONS = YES;
				CLANG_WARN_DIRECT_OBJC_ISA_USAGE = YES_ERROR;
				CLANG_WARN_DOCUMENTATION_COMMENTS = YES;
				CLANG_WARN_EMPTY_BODY = YES;
				CLANG_WARN_ENUM_CONVERSION = YES;
				CLANG_WARN_INFINITE_RECURSION = YES;
				CLANG_WARN_INT_CONVERSION = YES;
				CLANG_WARN_NON_LITERAL_NULL_CONVERSION = YES;
				CLANG_WARN_OBJC_IMPLICIT_RETAIN_SELF = YES;
				CLANG_WARN_OBJC_LITERAL_CONVERSION = YES;
				CLANG_WARN_OBJC_ROOT_CLASS = YES_ERROR;
				CLANG_WARN_QUOTED_INCLUDE_IN_FRAMEWORK_HEADER = YES;
				CLANG_WARN_RANGE_LOOP_ANALYSIS = YES;
				CLANG_WARN_STRICT_PROTOTYPES = YES;
				CLANG_WARN_SUSPICIOUS_MOVE = YES;
				CLANG_WARN_UNGUARDED_AVAILABILITY = YES_AGGRESSIVE;
				CLANG_WARN_UNREACHABLE_CODE = YES;
				CLANG_WARN__DUPLICATE_METHOD_MATCH = YES;
				COPY_PHASE_STRIP = NO;
				DEBUG_INFORMATION_FORMAT = "dwarf-with-dsym";
				ENABLE_NS_ASSERTIONS = NO;
				ENABLE_STRICT_OBJC_MSGSEND = YES;
				ENABLE_USER_SCRIPT_SANDBOXING = YES;
				GCC_C_LANGUAGE_STANDARD = gnu17;
				GCC_NO_COMMON_BLOCKS = YES;
				GCC_WARN_64_TO_32_BIT_CONVERSION = YES;
				GCC_WARN_ABOUT_RETURN_TYPE = YES_ERROR;
				GCC_WARN_UNDECLARED_SELECTOR = YES;
				GCC_WARN_UNINITIALIZED_AUTOS = YES_AGGRESSIVE;
				GCC_WARN_UNUSED_FUNCTION = YES;
				GCC_WARN_UNUSED_VARIABLE = YES;
				IPHONEOS_DEPLOYMENT_TARGET = 17.2;
				LOCALIZATION_PREFERS_STRING_CATALOGS = YES;
				MTL_ENABLE_DEBUG_INFO = NO;
				MTL_FAST_MATH = YES;
				SDKROOT = iphoneos;
				SWIFT_COMPILATION_MODE = wholemodule;
				VALIDATE_PRODUCT = YES;
			};
			name = Release;
		};
		A6BD37E42B8DD03B00C05221 /* Debug */ = {
			isa = XCBuildConfiguration;
			buildSettings = {
				ASSETCATALOG_COMPILER_APPICON_NAME = AppIcon;
				ASSETCATALOG_COMPILER_GLOBAL_ACCENT_COLOR_NAME = AccentColor;
				CODE_SIGN_STYLE = Automatic;
				CURRENT_PROJECT_VERSION = 1;
				DEVELOPMENT_ASSET_PATHS = "\"AppUpdates/Preview Content\"";
				DEVELOPMENT_TEAM = ENAZ3377RP;
				ENABLE_PREVIEWS = YES;
				GENERATE_INFOPLIST_FILE = YES;
				INFOPLIST_KEY_UIApplicationSceneManifest_Generation = YES;
				INFOPLIST_KEY_UIApplicationSupportsIndirectInputEvents = YES;
				INFOPLIST_KEY_UILaunchScreen_Generation = YES;
				INFOPLIST_KEY_UISupportedInterfaceOrientations_iPad = "UIInterfaceOrientationPortrait UIInterfaceOrientationPortraitUpsideDown UIInterfaceOrientationLandscapeLeft UIInterfaceOrientationLandscapeRight";
				INFOPLIST_KEY_UISupportedInterfaceOrientations_iPhone = "UIInterfaceOrientationPortrait UIInterfaceOrientationLandscapeLeft UIInterfaceOrientationLandscapeRight";
				LD_RUNPATH_SEARCH_PATHS = (
					"$(inherited)",
					"@executable_path/Frameworks",
				);
				MARKETING_VERSION = 1.3;
				PRODUCT_BUNDLE_IDENTIFIER = com.gymsymbol.AppUpdates;
				PRODUCT_NAME = "$(TARGET_NAME)";
				SWIFT_EMIT_LOC_STRINGS = YES;
				SWIFT_VERSION = 5.0;
				TARGETED_DEVICE_FAMILY = "1,2";
			};
			name = Debug;
		};
		A6BD37E52B8DD03B00C05221 /* Release */ = {
			isa = XCBuildConfiguration;
			buildSettings = {
				ASSETCATALOG_COMPILER_APPICON_NAME = AppIcon;
				ASSETCATALOG_COMPILER_GLOBAL_ACCENT_COLOR_NAME = AccentColor;
				CODE_SIGN_STYLE = Automatic;
				CURRENT_PROJECT_VERSION = 1;
				DEVELOPMENT_ASSET_PATHS = "\"AppUpdates/Preview Content\"";
				DEVELOPMENT_TEAM = ENAZ3377RP;
				ENABLE_PREVIEWS = YES;
				GENERATE_INFOPLIST_FILE = YES;
				INFOPLIST_KEY_UIApplicationSceneManifest_Generation = YES;
				INFOPLIST_KEY_UIApplicationSupportsIndirectInputEvents = YES;
				INFOPLIST_KEY_UILaunchScreen_Generation = YES;
				INFOPLIST_KEY_UISupportedInterfaceOrientations_iPad = "UIInterfaceOrientationPortrait UIInterfaceOrientationPortraitUpsideDown UIInterfaceOrientationLandscapeLeft UIInterfaceOrientationLandscapeRight";
				INFOPLIST_KEY_UISupportedInterfaceOrientations_iPhone = "UIInterfaceOrientationPortrait UIInterfaceOrientationLandscapeLeft UIInterfaceOrientationLandscapeRight";
				LD_RUNPATH_SEARCH_PATHS = (
					"$(inherited)",
					"@executable_path/Frameworks",
				);
				MARKETING_VERSION = 1.3;
				PRODUCT_BUNDLE_IDENTIFIER = com.gymsymbol.AppUpdates;
				PRODUCT_NAME = "$(TARGET_NAME)";
				SWIFT_EMIT_LOC_STRINGS = YES;
				SWIFT_VERSION = 5.0;
				TARGETED_DEVICE_FAMILY = "1,2";
			};
			name = Release;
		};
/* End XCBuildConfiguration section */

/* Begin XCConfigurationList section */
		A6BD37CB2B8DD03A00C05221 /* Build configuration list for PBXProject "AppUpdates" */ = {
			isa = XCConfigurationList;
			buildConfigurations = (
				A6BD37E12B8DD03B00C05221 /* Debug */,
				A6BD37E22B8DD03B00C05221 /* Release */,
			);
			defaultConfigurationIsVisible = 0;
			defaultConfigurationName = Release;
		};
		A6BD37E32B8DD03B00C05221 /* Build configuration list for PBXNativeTarget "AppUpdates" */ = {
			isa = XCConfigurationList;
			buildConfigurations = (
				A6BD37E42B8DD03B00C05221 /* Debug */,
				A6BD37E52B8DD03B00C05221 /* Release */,
			);
			defaultConfigurationIsVisible = 0;
			defaultConfigurationName = Release;
		};
/* End XCConfigurationList section */

/* Begin XCVersionGroup section */
		A6BD37DE2B8DD03B00C05221 /* AppUpdates.xcdatamodeld */ = {
			isa = XCVersionGroup;
			children = (
				A6BD37DF2B8DD03B00C05221 /* AppUpdates.xcdatamodel */,
			);
			currentVersion = A6BD37DF2B8DD03B00C05221 /* AppUpdates.xcdatamodel */;
			path = AppUpdates.xcdatamodeld;
			sourceTree = "<group>";
			versionGroupType = wrapper.xcdatamodel;
		};
/* End XCVersionGroup section */
	};
	rootObject = A6BD37C82B8DD03A00C05221 /* Project object */;
}
